
Microsoft Visual Studio Solution File, Format Version 12.00
# Visual Studio 14
VisualStudioVersion = 14.0.25420.1
MinimumVisualStudioVersion = 10.0.40219.1
Project("{2150E333-8FDC-42A3-9474-1A3956D46DE8}") = "src", "src", "{6ABD7AA1-65DA-48F1-A5CC-17E644030C9C}"
EndProject
Project("{2150E333-8FDC-42A3-9474-1A3956D46DE8}") = "Solution Items", "Solution Items", "{749BA910-97E8-4B84-858E-7B03A84327FA}"
	ProjectSection(SolutionItems) = preProject
		global.json = global.json
	EndProjectSection
EndProject
Project("{8BB2217D-0F2D-49D1-97BC-3654ED321F3B}") = "tictactoewebapi", "src\tictactoewebapi\tictactoewebapi.xproj", "{CAAA8519-FA5A-47BD-90DD-4ACBDBF448D9}"
EndProject
Global
	GlobalSection(SolutionConfigurationPlatforms) = preSolution
		Debug|Any CPU = Debug|Any CPU
		Release|Any CPU = Release|Any CPU
	EndGlobalSection
	GlobalSection(ProjectConfigurationPlatforms) = postSolution
		{CAAA8519-FA5A-47BD-90DD-4ACBDBF448D9}.Debug|Any CPU.ActiveCfg = Debug|Any CPU
		{CAAA8519-FA5A-47BD-90DD-4ACBDBF448D9}.Debug|Any CPU.Build.0 = Debug|Any CPU
		{CAAA8519-FA5A-47BD-90DD-4ACBDBF448D9}.Release|Any CPU.ActiveCfg = Release|Any CPU
		{CAAA8519-FA5A-47BD-90DD-4ACBDBF448D9}.Release|Any CPU.Build.0 = Release|Any CPU
	EndGlobalSection
	GlobalSection(SolutionProperties) = preSolution
		HideSolutionNode = FALSE
	EndGlobalSection
	GlobalSection(NestedProjects) = preSolution
		{CAAA8519-FA5A-47BD-90DD-4ACBDBF448D9} = {6ABD7AA1-65DA-48F1-A5CC-17E644030C9C}
	EndGlobalSection
	GlobalSection(TeamFoundationVersionControl) = preSolution
		SccNumberOfProjects = 2
		SccEnterpriseProvider = {4CA58AB2-18FA-4F8D-95D4-32DDF27D184C}
		SccTeamFoundationServer = https://pdxcodebits.visualstudio.com/
		SccLocalPath0 = .
		SccProjectUniqueName1 = src\\tictactoewebapi\\tictactoewebapi.xproj
		SccProjectTopLevelParentUniqueName1 = tictactoewebapi.sln
		SccProjectName1 = src/tictactoewebapi
		SccLocalPath1 = src\\tictactoewebapi
	EndGlobalSection
EndGlobal
